
Microsoft Visual Studio Solution File, Format Version 12.00
# Visual Studio Version 17
VisualStudioVersion = 17.0.31903.59
MinimumVisualStudioVersion = 10.0.40219.1
Project("{2150E333-8FDC-42A3-9474-1A3956D46DE8}") = "src", "src", "{827E0CD3-B72D-47B6-A68D-7590B98EB39B}"
EndProject
Project("{FAE04EC0-301F-11D3-BF4B-00C04F79EFBC}") = "Core", "src\Core\Core.csproj", "{20359199-8ACD-4FEE-8C9A-25F32862468F}"
EndProject
Project("{FAE04EC0-301F-11D3-BF4B-00C04F79EFBC}") = "Infrastructure", "src\Infrastructure\Infrastructure.csproj", "{733A6394-C6AB-477B-8E5C-B76420848571}"
EndProject
Project("{2150E333-8FDC-42A3-9474-1A3956D46DE8}") = "Web", "Web", "{03997797-E7F5-0643-168D-B8EA7178C2FE}"
EndProject
Project("{FAE04EC0-301F-11D3-BF4B-00C04F79EFBC}") = "FarhanS.Portfolio", "src\Web\FarhanS.Portfolio.csproj", "{57834C94-8320-4CB4-8987-F9C3339678B7}"
EndProject
Project("{2150E333-8FDC-42A3-9474-1A3956D46DE8}") = "tests", "tests", "{0AB3BF05-4346-4AA6-1389-037BE0695223}"
EndProject
Project("{FAE04EC0-301F-11D3-BF4B-00C04F79EFBC}") = "UnitTests", "tests\UnitTests\UnitTests.csproj", "{3BC1FFAD-D58C-40D9-8FFC-58D3AD29EF26}"
EndProject
Project("{FAE04EC0-301F-11D3-BF4B-00C04F79EFBC}") = "IntegrationTests", "tests\IntegrationTests\IntegrationTests.csproj", "{25240CF8-DDE0-47E2-9397-6F7E8EC481DE}"
EndProject
Global
	GlobalSection(SolutionConfigurationPlatforms) = preSolution
		Debug|Any CPU = Debug|Any CPU
		Debug|x64 = Debug|x64
		Debug|x86 = Debug|x86
		Release|Any CPU = Release|Any CPU
		Release|x64 = Release|x64
		Release|x86 = Release|x86
	EndGlobalSection
	GlobalSection(ProjectConfigurationPlatforms) = postSolution
		{20359199-8ACD-4FEE-8C9A-25F32862468F}.Debug|Any CPU.ActiveCfg = Debug|Any CPU
		{20359199-8ACD-4FEE-8C9A-25F32862468F}.Debug|Any CPU.Build.0 = Debug|Any CPU
		{20359199-8ACD-4FEE-8C9A-25F32862468F}.Debug|x64.ActiveCfg = Debug|Any CPU
		{20359199-8ACD-4FEE-8C9A-25F32862468F}.Debug|x64.Build.0 = Debug|Any CPU
		{20359199-8ACD-4FEE-8C9A-25F32862468F}.Debug|x86.ActiveCfg = Debug|Any CPU
		{20359199-8ACD-4FEE-8C9A-25F32862468F}.Debug|x86.Build.0 = Debug|Any CPU
		{20359199-8ACD-4FEE-8C9A-25F32862468F}.Release|Any CPU.ActiveCfg = Release|Any CPU
		{20359199-8ACD-4FEE-8C9A-25F32862468F}.Release|Any CPU.Build.0 = Release|Any CPU
		{20359199-8ACD-4FEE-8C9A-25F32862468F}.Release|x64.ActiveCfg = Release|Any CPU
		{20359199-8ACD-4FEE-8C9A-25F32862468F}.Release|x64.Build.0 = Release|Any CPU
		{20359199-8ACD-4FEE-8C9A-25F32862468F}.Release|x86.ActiveCfg = Release|Any CPU
		{20359199-8ACD-4FEE-8C9A-25F32862468F}.Release|x86.Build.0 = Release|Any CPU
		{733A6394-C6AB-477B-8E5C-B76420848571}.Debug|Any CPU.ActiveCfg = Debug|Any CPU
		{733A6394-C6AB-477B-8E5C-B76420848571}.Debug|Any CPU.Build.0 = Debug|Any CPU
		{733A6394-C6AB-477B-8E5C-B76420848571}.Debug|x64.ActiveCfg = Debug|Any CPU
		{733A6394-C6AB-477B-8E5C-B76420848571}.Debug|x64.Build.0 = Debug|Any CPU
		{733A6394-C6AB-477B-8E5C-B76420848571}.Debug|x86.ActiveCfg = Debug|Any CPU
		{733A6394-C6AB-477B-8E5C-B76420848571}.Debug|x86.Build.0 = Debug|Any CPU
		{733A6394-C6AB-477B-8E5C-B76420848571}.Release|Any CPU.ActiveCfg = Release|Any CPU
		{733A6394-C6AB-477B-8E5C-B76420848571}.Release|Any CPU.Build.0 = Release|Any CPU
		{733A6394-C6AB-477B-8E5C-B76420848571}.Release|x64.ActiveCfg = Release|Any CPU
		{733A6394-C6AB-477B-8E5C-B76420848571}.Release|x64.Build.0 = Release|Any CPU
		{733A6394-C6AB-477B-8E5C-B76420848571}.Release|x86.ActiveCfg = Release|Any CPU
		{733A6394-C6AB-477B-8E5C-B76420848571}.Release|x86.Build.0 = Release|Any CPU
		{57834C94-8320-4CB4-8987-F9C3339678B7}.Debug|Any CPU.ActiveCfg = Debug|Any CPU
		{57834C94-8320-4CB4-8987-F9C3339678B7}.Debug|Any CPU.Build.0 = Debug|Any CPU
		{57834C94-8320-4CB4-8987-F9C3339678B7}.Debug|x64.ActiveCfg = Debug|Any CPU
		{57834C94-8320-4CB4-8987-F9C3339678B7}.Debug|x64.Build.0 = Debug|Any CPU
		{57834C94-8320-4CB4-8987-F9C3339678B7}.Debug|x86.ActiveCfg = Debug|Any CPU
		{57834C94-8320-4CB4-8987-F9C3339678B7}.Debug|x86.Build.0 = Debug|Any CPU
		{57834C94-8320-4CB4-8987-F9C3339678B7}.Release|Any CPU.ActiveCfg = Release|Any CPU
		{57834C94-8320-4CB4-8987-F9C3339678B7}.Release|Any CPU.Build.0 = Release|Any CPU
		{57834C94-8320-4CB4-8987-F9C3339678B7}.Release|x64.ActiveCfg = Release|Any CPU
		{57834C94-8320-4CB4-8987-F9C3339678B7}.Release|x64.Build.0 = Release|Any CPU
		{57834C94-8320-4CB4-8987-F9C3339678B7}.Release|x86.ActiveCfg = Release|Any CPU
		{57834C94-8320-4CB4-8987-F9C3339678B7}.Release|x86.Build.0 = Release|Any CPU
		{3BC1FFAD-D58C-40D9-8FFC-58D3AD29EF26}.Debug|Any CPU.ActiveCfg = Debug|Any CPU
		{3BC1FFAD-D58C-40D9-8FFC-58D3AD29EF26}.Debug|Any CPU.Build.0 = Debug|Any CPU
		{3BC1FFAD-D58C-40D9-8FFC-58D3AD29EF26}.Debug|x64.ActiveCfg = Debug|Any CPU
		{3BC1FFAD-D58C-40D9-8FFC-58D3AD29EF26}.Debug|x64.Build.0 = Debug|Any CPU
		{3BC1FFAD-D58C-40D9-8FFC-58D3AD29EF26}.Debug|x86.ActiveCfg = Debug|Any CPU
		{3BC1FFAD-D58C-40D9-8FFC-58D3AD29EF26}.Debug|x86.Build.0 = Debug|Any CPU
		{3BC1FFAD-D58C-40D9-8FFC-58D3AD29EF26}.Release|Any CPU.ActiveCfg = Release|Any CPU
		{3BC1FFAD-D58C-40D9-8FFC-58D3AD29EF26}.Release|Any CPU.Build.0 = Release|Any CPU
		{3BC1FFAD-D58C-40D9-8FFC-58D3AD29EF26}.Release|x64.ActiveCfg = Release|Any CPU
		{3BC1FFAD-D58C-40D9-8FFC-58D3AD29EF26}.Release|x64.Build.0 = Release|Any CPU
		{3BC1FFAD-D58C-40D9-8FFC-58D3AD29EF26}.Release|x86.ActiveCfg = Release|Any CPU
		{3BC1FFAD-D58C-40D9-8FFC-58D3AD29EF26}.Release|x86.Build.0 = Release|Any CPU
		{25240CF8-DDE0-47E2-9397-6F7E8EC481DE}.Debug|Any CPU.ActiveCfg = Debug|Any CPU
		{25240CF8-DDE0-47E2-9397-6F7E8EC481DE}.Debug|Any CPU.Build.0 = Debug|Any CPU
		{25240CF8-DDE0-47E2-9397-6F7E8EC481DE}.Debug|x64.ActiveCfg = Debug|Any CPU
		{25240CF8-DDE0-47E2-9397-6F7E8EC481DE}.Debug|x64.Build.0 = Debug|Any CPU
		{25240CF8-DDE0-47E2-9397-6F7E8EC481DE}.Debug|x86.ActiveCfg = Debug|Any CPU
		{25240CF8-DDE0-47E2-9397-6F7E8EC481DE}.Debug|x86.Build.0 = Debug|Any CPU
		{25240CF8-DDE0-47E2-9397-6F7E8EC481DE}.Release|Any CPU.ActiveCfg = Release|Any CPU
		{25240CF8-DDE0-47E2-9397-6F7E8EC481DE}.Release|Any CPU.Build.0 = Release|Any CPU
		{25240CF8-DDE0-47E2-9397-6F7E8EC481DE}.Release|x64.ActiveCfg = Release|Any CPU
		{25240CF8-DDE0-47E2-9397-6F7E8EC481DE}.Release|x64.Build.0 = Release|Any CPU
		{25240CF8-DDE0-47E2-9397-6F7E8EC481DE}.Release|x86.ActiveCfg = Release|Any CPU
		{25240CF8-DDE0-47E2-9397-6F7E8EC481DE}.Release|x86.Build.0 = Release|Any CPU
	EndGlobalSection
	GlobalSection(SolutionProperties) = preSolution
		HideSolutionNode = FALSE
	EndGlobalSection
	GlobalSection(NestedProjects) = preSolution
		{20359199-8ACD-4FEE-8C9A-25F32862468F} = {827E0CD3-B72D-47B6-A68D-7590B98EB39B}
		{733A6394-C6AB-477B-8E5C-B76420848571} = {827E0CD3-B72D-47B6-A68D-7590B98EB39B}
		{03997797-E7F5-0643-168D-B8EA7178C2FE} = {827E0CD3-B72D-47B6-A68D-7590B98EB39B}
		{57834C94-8320-4CB4-8987-F9C3339678B7} = {03997797-E7F5-0643-168D-B8EA7178C2FE}
		{3BC1FFAD-D58C-40D9-8FFC-58D3AD29EF26} = {0AB3BF05-4346-4AA6-1389-037BE0695223}
		{25240CF8-DDE0-47E2-9397-6F7E8EC481DE} = {0AB3BF05-4346-4AA6-1389-037BE0695223}
	EndGlobalSection
EndGlobal
